
Microsoft Visual Studio Solution File, Format Version 12.00
# Visual Studio Version 16
VisualStudioVersion = 16.0.31613.86
MinimumVisualStudioVersion = 10.0.40219.1
Project("{FAE04EC0-301F-11D3-BF4B-00C04F79EFBC}") = "WizLab", "WizLab.csproj", "{5482A4BD-F4EE-46AF-ABC7-10040F53FD5B}"
EndProject
Project("{FAE04EC0-301F-11D3-BF4B-00C04F79EFBC}") = "WizLabModel", "..\WizLabModel\WizLabModel.csproj", "{0466B7AD-9B66-4885-B121-2D4AE09B4B7F}"
EndProject
Project("{FAE04EC0-301F-11D3-BF4B-00C04F79EFBC}") = "WizLabDataAccess", "..\WizLabDataAccess\WizLabDataAccess.csproj", "{6B81396C-5B02-44A2-A68B-24C8B69F8C5D}"
EndProject
Global
	GlobalSection(SolutionConfigurationPlatforms) = preSolution
		Debug|Any CPU = Debug|Any CPU
		Release|Any CPU = Release|Any CPU
	EndGlobalSection
	GlobalSection(ProjectConfigurationPlatforms) = postSolution
		{5482A4BD-F4EE-46AF-ABC7-10040F53FD5B}.Debug|Any CPU.ActiveCfg = Debug|Any CPU
		{5482A4BD-F4EE-46AF-ABC7-10040F53FD5B}.Debug|Any CPU.Build.0 = Debug|Any CPU
		{5482A4BD-F4EE-46AF-ABC7-10040F53FD5B}.Release|Any CPU.ActiveCfg = Release|Any CPU
		{5482A4BD-F4EE-46AF-ABC7-10040F53FD5B}.Release|Any CPU.Build.0 = Release|Any CPU
		{0466B7AD-9B66-4885-B121-2D4AE09B4B7F}.Debug|Any CPU.ActiveCfg = Debug|Any CPU
		{0466B7AD-9B66-4885-B121-2D4AE09B4B7F}.Debug|Any CPU.Build.0 = Debug|Any CPU
		{0466B7AD-9B66-4885-B121-2D4AE09B4B7F}.Release|Any CPU.ActiveCfg = Release|Any CPU
		{0466B7AD-9B66-4885-B121-2D4AE09B4B7F}.Release|Any CPU.Build.0 = Release|Any CPU
		{6B81396C-5B02-44A2-A68B-24C8B69F8C5D}.Debug|Any CPU.ActiveCfg = Debug|Any CPU
		{6B81396C-5B02-44A2-A68B-24C8B69F8C5D}.Debug|Any CPU.Build.0 = Debug|Any CPU
		{6B81396C-5B02-44A2-A68B-24C8B69F8C5D}.Release|Any CPU.ActiveCfg = Release|Any CPU
		{6B81396C-5B02-44A2-A68B-24C8B69F8C5D}.Release|Any CPU.Build.0 = Release|Any CPU
	EndGlobalSection
	GlobalSection(SolutionProperties) = preSolution
		HideSolutionNode = FALSE
	EndGlobalSection
	GlobalSection(ExtensibilityGlobals) = postSolution
		SolutionGuid = {B992DB4C-3685-411E-8920-9146B4C8DBEC}
	EndGlobalSection
EndGlobal
